
Microsoft Visual Studio Solution File, Format Version 12.00
# Visual Studio Version 16
VisualStudioVersion = 16.0.28803.156
MinimumVisualStudioVersion = 10.0.40219.1
Project("{FAE04EC0-301F-11D3-BF4B-00C04F79EFBC}") = "DbTimeDivider", "DbTimeDivider\DbTimeDivider.csproj", "{D4DE1C4A-E696-4C74-92D7-15AF2595E92D}"
EndProject
Project("{FAE04EC0-301F-11D3-BF4B-00C04F79EFBC}") = "DbTimeDivider.Demo", "DbTimeDivider.Demo\DbTimeDivider.Demo.csproj", "{DC5DFD61-D34D-4B62-8B3F-D79CD6B74537}"
EndProject
Project("{FAE04EC0-301F-11D3-BF4B-00C04F79EFBC}") = "DbTimeDivider.Schema", "DbTimeDivider.Schema\DbTimeDivider.Schema.csproj", "{55D9DABB-32C9-4DF2-B7E7-D133956D8FD3}"
EndProject
Global
	GlobalSection(SolutionConfigurationPlatforms) = preSolution
		Debug|Any CPU = Debug|Any CPU
		Release|Any CPU = Release|Any CPU
	EndGlobalSection
	GlobalSection(ProjectConfigurationPlatforms) = postSolution
		{D4DE1C4A-E696-4C74-92D7-15AF2595E92D}.Debug|Any CPU.ActiveCfg = Debug|Any CPU
		{D4DE1C4A-E696-4C74-92D7-15AF2595E92D}.Debug|Any CPU.Build.0 = Debug|Any CPU
		{D4DE1C4A-E696-4C74-92D7-15AF2595E92D}.Release|Any CPU.ActiveCfg = Release|Any CPU
		{D4DE1C4A-E696-4C74-92D7-15AF2595E92D}.Release|Any CPU.Build.0 = Release|Any CPU
		{DC5DFD61-D34D-4B62-8B3F-D79CD6B74537}.Debug|Any CPU.ActiveCfg = Debug|Any CPU
		{DC5DFD61-D34D-4B62-8B3F-D79CD6B74537}.Debug|Any CPU.Build.0 = Debug|Any CPU
		{DC5DFD61-D34D-4B62-8B3F-D79CD6B74537}.Release|Any CPU.ActiveCfg = Release|Any CPU
		{DC5DFD61-D34D-4B62-8B3F-D79CD6B74537}.Release|Any CPU.Build.0 = Release|Any CPU
		{55D9DABB-32C9-4DF2-B7E7-D133956D8FD3}.Debug|Any CPU.ActiveCfg = Debug|Any CPU
		{55D9DABB-32C9-4DF2-B7E7-D133956D8FD3}.Debug|Any CPU.Build.0 = Debug|Any CPU
		{55D9DABB-32C9-4DF2-B7E7-D133956D8FD3}.Release|Any CPU.ActiveCfg = Release|Any CPU
		{55D9DABB-32C9-4DF2-B7E7-D133956D8FD3}.Release|Any CPU.Build.0 = Release|Any CPU
	EndGlobalSection
	GlobalSection(SolutionProperties) = preSolution
		HideSolutionNode = FALSE
	EndGlobalSection
	GlobalSection(ExtensibilityGlobals) = postSolution
		SolutionGuid = {01737116-7E46-417B-BD9F-FBA4B6AA595D}
	EndGlobalSection
EndGlobal
